
Microsoft Visual Studio Solution File, Format Version 12.00
# Visual Studio Version 17
VisualStudioVersion = 17.14.37111.16 d17.14
MinimumVisualStudioVersion = 10.0.40219.1
Project("{FAE04EC0-301F-11D3-BF4B-00C04F79EFBC}") = "LoginWebApp", "LoginWebApp\LoginWebApp.csproj", "{18B6BB20-8127-4E5D-A967-478B211123BA}"
EndProject
Global
	GlobalSection(SolutionConfigurationPlatforms) = preSolution
		Debug|Any CPU = Debug|Any CPU
		Release|Any CPU = Release|Any CPU
	EndGlobalSection
	GlobalSection(ProjectConfigurationPlatforms) = postSolution
		{18B6BB20-8127-4E5D-A967-478B211123BA}.Debug|Any CPU.ActiveCfg = Debug|Any CPU
		{18B6BB20-8127-4E5D-A967-478B211123BA}.Debug|Any CPU.Build.0 = Debug|Any CPU
		{18B6BB20-8127-4E5D-A967-478B211123BA}.Release|Any CPU.ActiveCfg = Release|Any CPU
		{18B6BB20-8127-4E5D-A967-478B211123BA}.Release|Any CPU.Build.0 = Release|Any CPU
	EndGlobalSection
	GlobalSection(SolutionProperties) = preSolution
		HideSolutionNode = FALSE
	EndGlobalSection
	GlobalSection(ExtensibilityGlobals) = postSolution
		SolutionGuid = {A4A103F0-AEEF-4812-86B3-1876E7A53BF0}
	EndGlobalSection
EndGlobal
